{"format_version":"1.0","provider_schemas":{"registry.terraform.io/warp-tech/warpgate":{"provider":{"version":0,"block":{"attributes":{"host":{"type":"string","description":"The Warpgate API host URL (e.g., https://warpgate.example.com)","description_kind":"plain","required":true},"insecure_skip_verify":{"type":"bool","description":"Whether to skip the TLS certificate verification (self-signed certificates)","description_kind":"plain","optional":true},"token":{"type":"string","description":"API token for authenticating with Warpgate API","description_kind":"plain","optional":true,"sensitive":true}},"description_kind":"plain"}},"resource_schemas":{"warpgate_parameters":{"version":0,"block":{"attributes":{"allow_own_credential_management":{"type":"bool","description":"Allow users to manage their own credentials","description_kind":"plain","required":true},"id":{"type":"string","description_kind":"plain","optional":true,"computed":true},"minimize_password_login":{"type":"bool","description":"When enabled, the username and password fields are hidden behind a link on the login page, with the focus on the SSO buttons.","description_kind":"plain","optional":true},"rate_limit_bytes_per_second":{"type":"number","description":"Global bandwidth limit","description_kind":"plain","optional":true},"show_session_menu":{"type":"bool","description":"When enabled, Warpgate injects a session menu into HTTP sessions, allowing users to log out or return to the home page.","description_kind":"plain","optional":true},"ssh_client_auth_keyboard_interactive":{"type":"bool","description":"Enable SSH keyboard interactive authentication","description_kind":"plain","optional":true},"ssh_client_auth_password":{"type":"bool","description":"Enable SSH password authentication","description_kind":"plain","optional":true},"ssh_client_auth_publickey":{"type":"bool","description":"Enable SSH public key authentication","description_kind":"plain","optional":true}},"description_kind":"plain"}},"warpgate_password_credential":{"version":0,"block":{"attributes":{"id":{"type":"string","description_kind":"plain","optional":true,"computed":true},"password":{"type":"string","description":"The password for authentication","description_kind":"plain","required":true,"sensitive":true},"user_id":{"type":"string","description":"The ID of the user to add the password credential to","description_kind":"plain","required":true}},"description_kind":"plain"}},"warpgate_public_key_credential":{"version":0,"block":{"attributes":{"date_added":{"type":"string","description":"The date the key was added","description_kind":"plain","computed":true},"id":{"type":"string","description_kind":"plain","optional":true,"computed":true},"label":{"type":"string","description":"A label for the public key","description_kind":"plain","required":true},"last_used":{"type":"string","description":"The date the key was last used","description_kind":"plain","computed":true},"public_key":{"type":"string","description":"The OpenSSH public key","description_kind":"plain","required":true},"user_id":{"type":"string","description":"The ID of the user to add the public key credential to","description_kind":"plain","required":true}},"description_kind":"plain"}},"warpgate_role":{"version":0,"block":{"attributes":{"description":{"type":"string","description":"The description of the role","description_kind":"plain","optional":true},"id":{"type":"string","description_kind":"plain","optional":true,"computed":true},"name":{"type":"string","description":"The name of the role","description_kind":"plain","required":true}},"description_kind":"plain"}},"warpgate_target":{"version":0,"block":{"attributes":{"allow_roles":{"type":["list","string"],"description":"The list of roles allowed to access this target","description_kind":"plain","computed":true},"description":{"type":"string","description":"The description of the target","description_kind":"plain","optional":true},"group_id":{"type":"string","description":"Which target group this target is assigned to","description_kind":"plain","optional":true},"id":{"type":"string","description_kind":"plain","optional":true,"computed":true},"name":{"type":"string","description":"The name of the target","description_kind":"plain","required":true}},"block_types":{"http_options":{"nesting_mode":"list","block":{"attributes":{"external_host":{"type":"string","description":"External host for HTTP requests","description_kind":"plain","optional":true},"headers":{"type":["map","string"],"description":"HTTP headers to include in requests","description_kind":"plain","optional":true},"url":{"type":"string","description":"The HTTP server URL","description_kind":"plain","required":true}},"block_types":{"tls":{"nesting_mode":"list","block":{"attributes":{"mode":{"type":"string","description":"TLS mode (Disabled, Preferred, Required)","description_kind":"plain","required":true},"verify":{"type":"bool","description":"Verify TLS certificates","description_kind":"plain","required":true}},"description":"TLS configuration","description_kind":"plain"},"min_items":1,"max_items":1}},"description":"HTTP target options","description_kind":"plain"},"max_items":1},"kubernetes_options":{"nesting_mode":"list","block":{"attributes":{"cluster_url":{"type":"string","description":"The Kubernetes cluster URL","description_kind":"plain","required":true}},"block_types":{"certificate_auth":{"nesting_mode":"list","block":{"attributes":{"certificate":{"type":"string","description":"The client certificate PEM","description_kind":"plain","required":true},"private_key":{"type":"string","description":"The client private key PEM","description_kind":"plain","required":true,"sensitive":true}},"description":"Certificate authentication for Kubernetes","description_kind":"plain"},"max_items":1},"tls":{"nesting_mode":"list","block":{"attributes":{"mode":{"type":"string","description":"TLS mode (Disabled, Preferred, Required)","description_kind":"plain","required":true},"verify":{"type":"bool","description":"Verify TLS certificates","description_kind":"plain","required":true}},"description":"TLS configuration","description_kind":"plain"},"min_items":1,"max_items":1},"token_auth":{"nesting_mode":"list","block":{"attributes":{"token":{"type":"string","description":"The bearer token for Kubernetes authentication","description_kind":"plain","required":true,"sensitive":true}},"description":"Token authentication for Kubernetes","description_kind":"plain"},"max_items":1}},"description":"Kubernetes target options","description_kind":"plain"},"max_items":1},"mysql_options":{"nesting_mode":"list","block":{"attributes":{"host":{"type":"string","description":"The MySQL server hostname or IP address","description_kind":"plain","required":true},"password":{"type":"string","description":"The MySQL password","description_kind":"plain","optional":true,"sensitive":true},"port":{"type":"number","description":"The MySQL server port","description_kind":"plain","required":true},"username":{"type":"string","description":"The MySQL username","description_kind":"plain","required":true}},"block_types":{"tls":{"nesting_mode":"list","block":{"attributes":{"mode":{"type":"string","description":"TLS mode (Disabled, Preferred, Required)","description_kind":"plain","required":true},"verify":{"type":"bool","description":"Verify TLS certificates","description_kind":"plain","required":true}},"description":"TLS configuration","description_kind":"plain"},"min_items":1,"max_items":1}},"description":"MySQL target options","description_kind":"plain"},"max_items":1},"postgres_options":{"nesting_mode":"list","block":{"attributes":{"host":{"type":"string","description":"The PostgreSQL server hostname or IP address","description_kind":"plain","required":true},"password":{"type":"string","description":"The PostgreSQL password","description_kind":"plain","optional":true,"sensitive":true},"port":{"type":"number","description":"The PostgreSQL server port","description_kind":"plain","required":true},"username":{"type":"string","description":"The PostgreSQL username","description_kind":"plain","required":true}},"block_types":{"tls":{"nesting_mode":"list","block":{"attributes":{"mode":{"type":"string","description":"TLS mode (Disabled, Preferred, Required)","description_kind":"plain","required":true},"verify":{"type":"bool","description":"Verify TLS certificates","description_kind":"plain","required":true}},"description":"TLS configuration","description_kind":"plain"},"min_items":1,"max_items":1}},"description":"PostgreSQL target options","description_kind":"plain"},"max_items":1},"ssh_options":{"nesting_mode":"list","block":{"attributes":{"allow_insecure_algos":{"type":"bool","description":"Allow insecure SSH algorithms","description_kind":"plain","optional":true},"host":{"type":"string","description":"The SSH server hostname or IP address","description_kind":"plain","required":true},"port":{"type":"number","description":"The SSH server port","description_kind":"plain","required":true},"username":{"type":"string","description":"The SSH username","description_kind":"plain","required":true}},"block_types":{"password_auth":{"nesting_mode":"list","block":{"attributes":{"password":{"type":"string","description":"The password for SSH authentication","description_kind":"plain","required":true,"sensitive":true}},"description":"Password authentication for SSH","description_kind":"plain"},"max_items":1},"public_key_auth":{"nesting_mode":"list","block":{"description":"Public key authentication for SSH","description_kind":"plain"},"max_items":1}},"description":"SSH target options","description_kind":"plain"},"max_items":1}},"description_kind":"plain"}},"warpgate_target_group":{"version":0,"block":{"attributes":{"color":{"type":"string","description":"The color that the target group should have. Valid values: Primary, Secondary, Success, Danger, Warning, Info, Light, Dark","description_kind":"plain","optional":true},"description":{"type":"string","description":"The description of the target group","description_kind":"plain","optional":true},"id":{"type":"string","description_kind":"plain","optional":true,"computed":true},"name":{"type":"string","description":"The name of the target group","description_kind":"plain","required":true}},"description_kind":"plain"}},"warpgate_target_role":{"version":0,"block":{"attributes":{"id":{"type":"string","description_kind":"plain","optional":true,"computed":true},"role_id":{"type":"string","description":"The ID of the role to assign","description_kind":"plain","required":true},"target_id":{"type":"string","description":"The ID of the target to assign the role to","description_kind":"plain","required":true}},"description_kind":"plain"}},"warpgate_ticket":{"version":0,"block":{"attributes":{"description":{"type":"string","description":"The description of the ticket.","description_kind":"plain","optional":true},"expiry":{"type":"string","description":"The expiry time of the ticket.","description_kind":"plain","optional":true},"id":{"type":"string","description_kind":"plain","optional":true,"computed":true},"number_of_uses":{"type":"number","description":"The number of uses allowed for the ticket before it becomes invalid.","description_kind":"plain","optional":true},"secret":{"type":"string","description":"The secret value of the ticket used for authentication.","description_kind":"plain","computed":true,"sensitive":true},"target_name":{"type":"string","description":"The name of the target the ticket grants access to.","description_kind":"plain","required":true},"username":{"type":"string","description":"The user associated with the ticket. Will determine the permissions and access rights.","description_kind":"plain","required":true}},"description_kind":"plain"}},"warpgate_user":{"version":0,"block":{"attributes":{"allowed_ip_ranges":{"type":["list","string"],"description":"List of allowed IP ranges in CIDR notation. If set, only connections from these IP ranges will be allowed for this user.","description_kind":"plain","optional":true},"description":{"type":"string","description":"The description of the user","description_kind":"plain","optional":true},"id":{"type":"string","description_kind":"plain","optional":true,"computed":true},"username":{"type":"string","description":"The username of the user","description_kind":"plain","required":true}},"block_types":{"credential_policy":{"nesting_mode":"list","block":{"attributes":{"http":{"type":["list","string"],"description_kind":"plain","optional":true},"mysql":{"type":["list","string"],"description_kind":"plain","optional":true},"postgres":{"type":["list","string"],"description_kind":"plain","optional":true},"ssh":{"type":["list","string"],"description_kind":"plain","optional":true}},"description":"The credential policy for the user","description_kind":"plain"},"max_items":1}},"description_kind":"plain"}},"warpgate_user_role":{"version":0,"block":{"attributes":{"id":{"type":"string","description_kind":"plain","optional":true,"computed":true},"role_id":{"type":"string","description":"The ID of the role to assign","description_kind":"plain","required":true},"user_id":{"type":"string","description":"The ID of the user to assign the role to","description_kind":"plain","required":true}},"description_kind":"plain"}},"warpgate_user_sso_credential":{"version":0,"block":{"attributes":{"email":{"type":"string","description":"The email address associated with the SSO provider","description_kind":"plain","required":true},"id":{"type":"string","description_kind":"plain","optional":true,"computed":true},"sso_provider":{"type":"string","description":"The SSO provider name (e.g., 'google', 'github', 'okta')","description_kind":"plain","required":true},"user_id":{"type":"string","description":"The ID of the user to add the SSO credential to","description_kind":"plain","required":true}},"description_kind":"plain"}}},"data_source_schemas":{"warpgate_role":{"version":0,"block":{"attributes":{"description":{"type":"string","description":"The description of the role","description_kind":"plain","computed":true},"id":{"type":"string","description":"The ID of the role","description_kind":"plain","optional":true},"name":{"type":"string","description":"The name of the role","description_kind":"plain","optional":true,"computed":true}},"description_kind":"plain"}},"warpgate_ssh_own_keys":{"version":0,"block":{"attributes":{"id":{"type":"string","description_kind":"plain","optional":true,"computed":true},"keys":{"type":["list",["object",{"kind":"string","public_key_base64":"string"}]],"description":"List of SSH host keys","description_kind":"plain","computed":true}},"description":"Retrieves the SSH host keys for the Warpgate server. These are the server's own SSH keys that clients use to verify the server identity.","description_kind":"plain"}},"warpgate_target":{"version":0,"block":{"attributes":{"allow_roles":{"type":["list","string"],"description":"The list of roles allowed to access this target","description_kind":"plain","computed":true},"description":{"type":"string","description":"The description of the target","description_kind":"plain","computed":true},"group_id":{"type":"string","description":"Which target group this target is assigned to","description_kind":"plain","computed":true},"http_options":{"type":["list",["object",{"external_host":"string","headers":["map","string"],"tls":["list",["object",{"mode":"string","verify":"bool"}]],"url":"string"}]],"description":"HTTP target options","description_kind":"plain","computed":true},"id":{"type":"string","description":"The ID of the role","description_kind":"plain","optional":true},"kubernetes_options":{"type":["list",["object",{"certificate_auth":["list",["object",{"certificate":"string","private_key":"string"}]],"cluster_url":"string","tls":["list",["object",{"mode":"string","verify":"bool"}]],"token_auth":["list",["object",{"token":"string"}]]}]],"description":"Kubernetes target options","description_kind":"plain","computed":true},"mysql_options":{"type":["list",["object",{"host":"string","password":"string","port":"number","tls":["list",["object",{"mode":"string","verify":"bool"}]],"username":"string"}]],"description":"MySQL target options","description_kind":"plain","computed":true},"name":{"type":"string","description":"The name of the role","description_kind":"plain","optional":true,"computed":true},"postgres_options":{"type":["list",["object",{"host":"string","password":"string","port":"number","tls":["list",["object",{"mode":"string","verify":"bool"}]],"username":"string"}]],"description":"PostgreSQL target options","description_kind":"plain","computed":true},"ssh_options":{"type":["list",["object",{"allow_insecure_algos":"bool","host":"string","password_auth":["list",["object",{"password":"string"}]],"port":"number","public_key_auth":["list",["object",{}]],"username":"string"}]],"description":"SSH target options","description_kind":"plain","computed":true}},"description_kind":"plain"}},"warpgate_user":{"version":0,"block":{"attributes":{"allowed_ip_ranges":{"type":["list","string"],"description":"List of allowed IP ranges in CIDR notation","description_kind":"plain","computed":true},"credential_policy":{"type":["list",["object",{"http":["list","string"],"mysql":["list","string"],"postgres":["list","string"],"ssh":["list","string"]}]],"description":"The credential policy for the user","description_kind":"plain","computed":true},"description":{"type":"string","description":"The description of the user","description_kind":"plain","computed":true},"id":{"type":"string","description":"The ID of the user","description_kind":"plain","optional":true},"sso_credentials":{"type":["list",["object",{"email":"string","id":"string","sso_provider":"string"}]],"description":"The SSO credentials associated with the user","description_kind":"plain","computed":true},"username":{"type":"string","description":"The username of the user","description_kind":"plain","optional":true,"computed":true}},"description_kind":"plain"}}}}}}
